// !$*UTF8*$!
{
	archiveVersion = 1;
	classes = {
	};
	objectVersion = 48;
	objects = {

/* Begin PBXBuildFile section */
		9910CB891EE72263006AC4AF /* AppDelegate.swift in Sources */ = {isa = PBXBuildFile; fileRef = 9910CB881EE72263006AC4AF /* AppDelegate.swift */; };
		9910CB8B1EE72263006AC4AF /* ViewController.swift in Sources */ = {isa = PBXBuildFile; fileRef = 9910CB8A1EE72263006AC4AF /* ViewController.swift */; };
		9910CB8E1EE72263006AC4AF /* Main.storyboard in Resources */ = {isa = PBXBuildFile; fileRef = 9910CB8C1EE72263006AC4AF /* Main.storyboard */; };
		9910CB901EE72263006AC4AF /* Assets.xcassets in Resources */ = {isa = PBXBuildFile; fileRef = 9910CB8F1EE72263006AC4AF /* Assets.xcassets */; };
		9910CB931EE72263006AC4AF /* LaunchScreen.storyboard in Resources */ = {isa = PBXBuildFile; fileRef = 9910CB911EE72263006AC4AF /* LaunchScreen.storyboard */; };
		9978826D1EEAFDA100AC96C8 /* daylite_icon.jpg in Resources */ = {isa = PBXBuildFile; fileRef = 9978826C1EEAFDA100AC96C8 /* daylite_icon.jpg */; };
/* End PBXBuildFile section */

/* Begin PBXFileReference section */
		10B07B9D1EE726CA001D14CB /* README.md */ = {isa = PBXFileReference; lastKnownFileType = net.daringfireball.markdown; name = README.md; path = "The Facebook/README.md"; sourceTree = "<group>"; };
		9910CB851EE72263006AC4AF /* The Facebook.app */ = {isa = PBXFileReference; explicitFileType = wrapper.application; includeInIndex = 0; path = "The Facebook.app"; sourceTree = BUILT_PRODUCTS_DIR; };
		9910CB881EE72263006AC4AF /* AppDelegate.swift */ = {isa = PBXFileReference; lastKnownFileType = sourcecode.swift; path = AppDelegate.swift; sourceTree = "<group>"; };
		9910CB8A1EE72263006AC4AF /* ViewController.swift */ = {isa = PBXFileReference; lastKnownFileType = sourcecode.swift; path = ViewController.swift; sourceTree = "<group>"; };
		9910CB8D1EE72263006AC4AF /* Base */ = {isa = PBXFileReference; lastKnownFileType = file.storyboard; name = Base; path = Base.lproj/Main.storyboard; sourceTree = "<group>"; };
		9910CB8F1EE72263006AC4AF /* Assets.xcassets */ = {isa = PBXFileReference; lastKnownFileType = folder.assetcatalog; path = Assets.xcassets; sourceTree = "<group>"; };
		9910CB921EE72263006AC4AF /* Base */ = {isa = PBXFileReference; lastKnownFileType = file.storyboard; name = Base; path = Base.lproj/LaunchScreen.storyboard; sourceTree = "<group>"; };
		9910CB941EE72263006AC4AF /* Info.plist */ = {isa = PBXFileReference; lastKnownFileType = text.plist.xml; path = Info.plist; sourceTree = "<group>"; };
		9978826C1EEAFDA100AC96C8 /* daylite_icon.jpg */ = {isa = PBXFileReference; lastKnownFileType = image.jpeg; name = daylite_icon.jpg; path = ../../../../Downloads/daylite_icon.jpg; sourceTree = "<group>"; };
/* End PBXFileReference section */

/* Begin PBXFrameworksBuildPhase section */
		9910CB821EE72263006AC4AF /* Frameworks */ = {
			isa = PBXFrameworksBuildPhase;
			buildActionMask = 2147483647;
			files = (
			);
			runOnlyForDeploymentPostprocessing = 0;
		};
/* End PBXFrameworksBuildPhase section */

/* Begin PBXGroup section */
		9910CB7C1EE72263006AC4AF = {
			isa = PBXGroup;
			children = (
				10B07B9D1EE726CA001D14CB /* README.md */,
				9910CB871EE72263006AC4AF /* The Facebook */,
				9910CB861EE72263006AC4AF /* Products */,
			);
			sourceTree = "<group>";
		};
		9910CB861EE72263006AC4AF /* Products */ = {
			isa = PBXGroup;
			children = (
				9910CB851EE72263006AC4AF /* The Facebook.app */,
			);
			name = Products;
			sourceTree = "<group>";
		};
		9910CB871EE72263006AC4AF /* The Facebook */ = {
			isa = PBXGroup;
			children = (
				9910CB881EE72263006AC4AF /* AppDelegate.swift */,
				9910CB8A1EE72263006AC4AF /* ViewController.swift */,
				9910CB8C1EE72263006AC4AF /* Main.storyboard */,
				9910CB8F1EE72263006AC4AF /* Assets.xcassets */,
				9910CB911EE72263006AC4AF /* LaunchScreen.storyboard */,
				9910CB941EE72263006AC4AF /* Info.plist */,
				9978826C1EEAFDA100AC96C8 /* daylite_icon.jpg */,
			);
			path = "The Facebook";
			sourceTree = "<group>";
		};
/* End PBXGroup section */

/* Begin PBXNativeTarget section */
		9910CB841EE72263006AC4AF /* The Facebook */ = {
			isa = PBXNativeTarget;
			buildConfigurationList = 9910CB971EE72263006AC4AF /* Build configuration list for PBXNativeTarget "The Facebook" */;
			buildPhases = (
				9910CB811EE72263006AC4AF /* Sources */,
				9910CB821EE72263006AC4AF /* Frameworks */,
				9910CB831EE72263006AC4AF /* Resources */,
			);
			buildRules = (
			);
			dependencies = (
			);
			name = "The Facebook";
			productName = "The Facebook";
			productReference = 9910CB851EE72263006AC4AF /* The Facebook.app */;
			productType = "com.apple.product-type.application";
		};
/* End PBXNativeTarget section */

/* Begin PBXProject section */
		9910CB7D1EE72263006AC4AF /* Project object */ = {
			isa = PBXProject;
			attributes = {
				LastSwiftUpdateCheck = 0900;
				LastUpgradeCheck = 0900;
				ORGANIZATIONNAME = Marketcircle;
				TargetAttributes = {
					9910CB841EE72263006AC4AF = {
						CreatedOnToolsVersion = 9.0;
					};
				};
			};
			buildConfigurationList = 9910CB801EE72263006AC4AF /* Build configuration list for PBXProject "The Facebook" */;
			compatibilityVersion = "Xcode 8.0";
			developmentRegion = en;
			hasScannedForEncodings = 0;
			knownRegions = (
				en,
				Base,
			);
			mainGroup = 9910CB7C1EE72263006AC4AF;
			productRefGroup = 9910CB861EE72263006AC4AF /* Products */;
			projectDirPath = "";
			projectRoot = "";
			targets = (
				9910CB841EE72263006AC4AF /* The Facebook */,
			);
		};
/* End PBXProject section */

/* Begin PBXResourcesBuildPhase section */
		9910CB831EE72263006AC4AF /* Resources */ = {
			isa = PBXResourcesBuildPhase;
			buildActionMask = 2147483647;
			files = (
				9910CB931EE72263006AC4AF /* LaunchScreen.storyboard in Resources */,
				9910CB901EE72263006AC4AF /* Assets.xcassets in Resources */,
				9910CB8E1EE72263006AC4AF /* Main.storyboard in Resources */,
				9978826D1EEAFDA100AC96C8 /* daylite_icon.jpg in Resources */,
			);
			runOnlyForDeploymentPostprocessing = 0;
		};
/* End PBXResourcesBuildPhase section */

/* Begin PBXSourcesBuildPhase section */
		9910CB811EE72263006AC4AF /* Sources */ = {
			isa = PBXSourcesBuildPhase;
			buildActionMask = 2147483647;
			files = (
				9910CB8B1EE72263006AC4AF /* ViewController.swift in Sources */,
				9910CB891EE72263006AC4AF /* AppDelegate.swift in Sources */,
			);
			runOnlyForDeploymentPostprocessing = 0;
		};
/* End PBXSourcesBuildPhase section */

/* Begin PBXVariantGroup section */
		9910CB8C1EE72263006AC4AF /* Main.storyboard */ = {
			isa = PBXVariantGroup;
			children = (
				9910CB8D1EE72263006AC4AF /* Base */,
			);
			name = Main.storyboard;
			sourceTree = "<group>";
		};
		9910CB911EE72263006AC4AF /* LaunchScreen.storyboard */ = {
			isa = PBXVariantGroup;
			children = (
				9910CB921EE72263006AC4AF /* Base */,
			);
			name = LaunchScreen.storyboard;
			sourceTree = "<group>";
		};
/* End PBXVariantGroup section */

/* Begin XCBuildConfiguration section */
		9910CB951EE72263006AC4AF /* Debug */ = {
			isa = XCBuildConfiguration;
			buildSettings = {
				ALWAYS_SEARCH_USER_PATHS = NO;
				CLANG_ANALYZER_NONNULL = YES;
				CLANG_ANALYZER_NUMBER_OBJECT_CONVERSION = YES_AGGRESSIVE;
				CLANG_CXX_LANGUAGE_STANDARD = "gnu++14";
				CLANG_CXX_LIBRARY = "libc++";
				CLANG_ENABLE_MODULES = YES;
				CLANG_ENABLE_OBJC_ARC = YES;
				CLANG_WARN_BLOCK_CAPTURE_AUTORELEASING = YES;
				CLANG_WARN_BOOL_CONVERSION = YES;
				CLANG_WARN_COMMA = YES;
				CLANG_WARN_CONSTANT_CONVERSION = YES;
				CLANG_WARN_DIRECT_OBJC_ISA_USAGE = YES_ERROR;
				CLANG_WARN_DOCUMENTATION_COMMENTS = YES;
				CLANG_WARN_EMPTY_BODY = YES;
				CLANG_WARN_ENUM_CONVERSION = YES;
				CLANG_WARN_INFINITE_RECURSION = YES;
				CLANG_WARN_INT_CONVERSION = YES;
				CLANG_WARN_OBJC_ROOT_CLASS = YES_ERROR;
				CLANG_WARN_RANGE_LOOP_ANALYSIS = YES;
				CLANG_WARN_STRICT_PROTOTYPES = YES;
				CLANG_WARN_SUSPICIOUS_MOVE = YES;
				CLANG_WARN_UNGUARDED_AVAILABILITY = YES_AGGRESSIVE;
				CLANG_WARN_UNREACHABLE_CODE = YES;
				CLANG_WARN__DUPLICATE_METHOD_MATCH = YES;
				CODE_SIGN_IDENTITY = "iPhone Developer";
				COPY_PHASE_STRIP = NO;
				DEBUG_INFORMATION_FORMAT = dwarf;
				ENABLE_STRICT_OBJC_MSGSEND = YES;
				ENABLE_TESTABILITY = YES;
				GCC_C_LANGUAGE_STANDARD = gnu11;
				GCC_DYNAMIC_NO_PIC = NO;
				GCC_NO_COMMON_BLOCKS = YES;
				GCC_OPTIMIZATION_LEVEL = 0;
				GCC_PREPROCESSOR_DEFINITIONS = (
					"DEBUG=1",
					"$(inherited)",
				);
				GCC_WARN_64_TO_32_BIT_CONVERSION = YES;
				GCC_WARN_ABOUT_RETURN_TYPE = YES_ERROR;
				GCC_WARN_UNDECLARED_SELECTOR = YES;
				GCC_WARN_UNINITIALIZED_AUTOS = YES_AGGRESSIVE;
				GCC_WARN_UNUSED_FUNCTION = YES;
				GCC_WARN_UNUSED_VARIABLE = YES;
				IPHONEOS_DEPLOYMENT_TARGET = 11.0;
				MTL_ENABLE_DEBUG_INFO = YES;
				ONLY_ACTIVE_ARCH = YES;
				SDKROOT = iphoneos;
				SWIFT_ACTIVE_COMPILATION_CONDITIONS = DEBUG;
				SWIFT_OPTIMIZATION_LEVEL = "-Onone";
			};
			name = Debug;
		};
		9910CB961EE72263006AC4AF /* Release */ = {
			isa = XCBuildConfiguration;
			buildSettings = {
				ALWAYS_SEARCH_USER_PATHS = NO;
				CLANG_ANALYZER_NONNULL = YES;
				CLANG_ANALYZER_NUMBER_OBJECT_CONVERSION = YES_AGGRESSIVE;
				CLANG_CXX_LANGUAGE_STANDARD = "gnu++14";
				CLANG_CXX_LIBRARY = "libc++";
				CLANG_ENABLE_MODULES = YES;
				CLANG_ENABLE_OBJC_ARC = YES;
				CLANG_WARN_BLOCK_CAPTURE_AUTORELEASING = YES;
				CLANG_WARN_BOOL_CONVERSION = YES;
				CLANG_WARN_COMMA = YES;
				CLANG_WARN_CONSTANT_CONVERSION = YES;
				CLANG_WARN_DIRECT_OBJC_ISA_USAGE = YES_ERROR;
				CLANG_WARN_DOCUMENTATION_COMMENTS = YES;
				CLANG_WARN_EMPTY_BODY = YES;
				CLANG_WARN_ENUM_CONVERSION = YES;
				CLANG_WARN_INFINITE_RECURSION = YES;
				CLANG_WARN_INT_CONVERSION = YES;
				CLANG_WARN_OBJC_ROOT_CLASS = YES_ERROR;
				CLANG_WARN_RANGE_LOOP_ANALYSIS = YES;
				CLANG_WARN_STRICT_PROTOTYPES = YES;
				CLANG_WARN_SUSPICIOUS_MOVE = YES;
				CLANG_WARN_UNGUARDED_AVAILABILITY = YES_AGGRESSIVE;
				CLANG_WARN_UNREACHABLE_CODE = YES;
				CLANG_WARN__DUPLICATE_METHOD_MATCH = YES;
				CODE_SIGN_IDENTITY = "iPhone Developer";
				COPY_PHASE_STRIP = NO;
				DEBUG_INFORMATION_FORMAT = "dwarf-with-dsym";
				ENABLE_NS_ASSERTIONS = NO;
				ENABLE_STRICT_OBJC_MSGSEND = YES;
				GCC_C_LANGUAGE_STANDARD = gnu11;
				GCC_NO_COMMON_BLOCKS = YES;
				GCC_WARN_64_TO_32_BIT_CONVERSION = YES;
				GCC_WARN_ABOUT_RETURN_TYPE = YES_ERROR;
				GCC_WARN_UNDECLARED_SELECTOR = YES;
				GCC_WARN_UNINITIALIZED_AUTOS = YES_AGGRESSIVE;
				GCC_WARN_UNUSED_FUNCTION = YES;
				GCC_WARN_UNUSED_VARIABLE = YES;
				IPHONEOS_DEPLOYMENT_TARGET = 11.0;
				MTL_ENABLE_DEBUG_INFO = NO;
				SDKROOT = iphoneos;
				SWIFT_OPTIMIZATION_LEVEL = "-Owholemodule";
				VALIDATE_PRODUCT = YES;
			};
			name = Release;
		};
		9910CB981EE72263006AC4AF /* Debug */ = {
			isa = XCBuildConfiguration;
			buildSettings = {
				ASSETCATALOG_COMPILER_APPICON_NAME = AppIcon;
				DEVELOPMENT_TEAM = GR26KTJYTV;
				INFOPLIST_FILE = "The Facebook/Info.plist";
				LD_RUNPATH_SEARCH_PATHS = "$(inherited) @executable_path/Frameworks";
				PRODUCT_BUNDLE_IDENTIFIER = "com.marketcircle.The-Facebook";
				PRODUCT_NAME = "$(TARGET_NAME)";
				SWIFT_VERSION = 4.0;
				TARGETED_DEVICE_FAMILY = "1,2";
			};
			name = Debug;
		};
		9910CB991EE72263006AC4AF /* Release */ = {
			isa = XCBuildConfiguration;
			buildSettings = {
				ASSETCATALOG_COMPILER_APPICON_NAME = AppIcon;
				DEVELOPMENT_TEAM = GR26KTJYTV;
				INFOPLIST_FILE = "The Facebook/Info.plist";
				LD_RUNPATH_SEARCH_PATHS = "$(inherited) @executable_path/Frameworks";
				PRODUCT_BUNDLE_IDENTIFIER = "com.marketcircle.The-Facebook";
				PRODUCT_NAME = "$(TARGET_NAME)";
				SWIFT_VERSION = 4.0;
				TARGETED_DEVICE_FAMILY = "1,2";
			};
			name = Release;
		};
/* End XCBuildConfiguration section */

/* Begin XCConfigurationList section */
		9910CB801EE72263006AC4AF /* Build configuration list for PBXProject "The Facebook" */ = {
			isa = XCConfigurationList;
			buildConfigurations = (
				9910CB951EE72263006AC4AF /* Debug */,
				9910CB961EE72263006AC4AF /* Release */,
			);
			defaultConfigurationIsVisible = 0;
			defaultConfigurationName = Release;
		};
		9910CB971EE72263006AC4AF /* Build configuration list for PBXNativeTarget "The Facebook" */ = {
			isa = XCConfigurationList;
			buildConfigurations = (
				9910CB981EE72263006AC4AF /* Debug */,
				9910CB991EE72263006AC4AF /* Release */,
			);
			defaultConfigurationIsVisible = 0;
			defaultConfigurationName = Release;
		};
/* End XCConfigurationList section */
	};
	rootObject = 9910CB7D1EE72263006AC4AF /* Project object */;
}
